
Microsoft Visual Studio Solution File, Format Version 12.00
# Visual Studio Version 17
VisualStudioVersion = 17.11.35222.181
MinimumVisualStudioVersion = 10.0.40219.1
Project("{FAE04EC0-301F-11D3-BF4B-00C04F79EFBC}") = "metodi C#", "metodi C#\metodi C#.csproj", "{6C2849F8-60E5-4A56-B70C-D7B174CC5947}"
EndProject
Global
	GlobalSection(SolutionConfigurationPlatforms) = preSolution
		Debug|Any CPU = Debug|Any CPU
		Release|Any CPU = Release|Any CPU
	EndGlobalSection
	GlobalSection(ProjectConfigurationPlatforms) = postSolution
		{6C2849F8-60E5-4A56-B70C-D7B174CC5947}.Debug|Any CPU.ActiveCfg = Debug|Any CPU
		{6C2849F8-60E5-4A56-B70C-D7B174CC5947}.Debug|Any CPU.Build.0 = Debug|Any CPU
		{6C2849F8-60E5-4A56-B70C-D7B174CC5947}.Release|Any CPU.ActiveCfg = Release|Any CPU
		{6C2849F8-60E5-4A56-B70C-D7B174CC5947}.Release|Any CPU.Build.0 = Release|Any CPU
	EndGlobalSection
	GlobalSection(SolutionProperties) = preSolution
		HideSolutionNode = FALSE
	EndGlobalSection
	GlobalSection(ExtensibilityGlobals) = postSolution
		SolutionGuid = {E876B8A9-4DE6-4AB9-A0F2-CF94373435D1}
	EndGlobalSection
EndGlobal
